
Microsoft Visual Studio Solution File, Format Version 12.00
Project("{FAE04EC0-301F-11D3-BF4B-00C04F79EFBC}") = "Bleak", "Bleak\Bleak.csproj", "{3CFF97FF-BE0F-4667-9933-228F82A94D45}"
EndProject
Project("{FAE04EC0-301F-11D3-BF4B-00C04F79EFBC}") = "Bleak.Tests", "Bleak.Tests\Bleak.Tests.csproj", "{95BAAAEE-B068-432E-AF55-E71BC2728C4E}"
EndProject
Global
	GlobalSection(SolutionConfigurationPlatforms) = preSolution
		Debug|Any CPU = Debug|Any CPU
		Release|Any CPU = Release|Any CPU
	EndGlobalSection
	GlobalSection(ProjectConfigurationPlatforms) = postSolution
		{3CFF97FF-BE0F-4667-9933-228F82A94D45}.Debug|Any CPU.ActiveCfg = Debug|Any CPU
		{3CFF97FF-BE0F-4667-9933-228F82A94D45}.Debug|Any CPU.Build.0 = Debug|Any CPU
		{3CFF97FF-BE0F-4667-9933-228F82A94D45}.Release|Any CPU.ActiveCfg = Release|Any CPU
		{3CFF97FF-BE0F-4667-9933-228F82A94D45}.Release|Any CPU.Build.0 = Release|Any CPU
		{95BAAAEE-B068-432E-AF55-E71BC2728C4E}.Debug|Any CPU.ActiveCfg = Debug|Any CPU
		{95BAAAEE-B068-432E-AF55-E71BC2728C4E}.Debug|Any CPU.Build.0 = Debug|Any CPU
		{95BAAAEE-B068-432E-AF55-E71BC2728C4E}.Release|Any CPU.ActiveCfg = Release|Any CPU
		{95BAAAEE-B068-432E-AF55-E71BC2728C4E}.Release|Any CPU.Build.0 = Release|Any CPU
	EndGlobalSection
EndGlobal
