
Microsoft Visual Studio Solution File, Format Version 12.00
Project("{FAE04EC0-301F-11D3-BF4B-00C04F79EFBC}") = "Bleak", "Bleak\Bleak.csproj", "{7B275A7D-9EC4-49EC-8F03-F776AD517075}"
EndProject
Project("{FAE04EC0-301F-11D3-BF4B-00C04F79EFBC}") = "Bleak.Tests", "Bleak.Tests\Bleak.Tests.csproj", "{09908F27-2312-4757-84A9-8D2087F828F6}"
EndProject
Global
	GlobalSection(SolutionConfigurationPlatforms) = preSolution
		Debug|Any CPU = Debug|Any CPU
		Release|Any CPU = Release|Any CPU
	EndGlobalSection
	GlobalSection(ProjectConfigurationPlatforms) = postSolution
		{7B275A7D-9EC4-49EC-8F03-F776AD517075}.Debug|Any CPU.ActiveCfg = Debug|Any CPU
		{7B275A7D-9EC4-49EC-8F03-F776AD517075}.Debug|Any CPU.Build.0 = Debug|Any CPU
		{7B275A7D-9EC4-49EC-8F03-F776AD517075}.Release|Any CPU.ActiveCfg = Release|Any CPU
		{7B275A7D-9EC4-49EC-8F03-F776AD517075}.Release|Any CPU.Build.0 = Release|Any CPU
		{09908F27-2312-4757-84A9-8D2087F828F6}.Debug|Any CPU.ActiveCfg = Debug|Any CPU
		{09908F27-2312-4757-84A9-8D2087F828F6}.Debug|Any CPU.Build.0 = Debug|Any CPU
		{09908F27-2312-4757-84A9-8D2087F828F6}.Release|Any CPU.ActiveCfg = Release|Any CPU
		{09908F27-2312-4757-84A9-8D2087F828F6}.Release|Any CPU.Build.0 = Release|Any CPU
	EndGlobalSection
EndGlobal
